
Microsoft Visual Studio Solution File, Format Version 12.00
# Visual Studio Version 16
VisualStudioVersion = 16.0.31112.23
MinimumVisualStudioVersion = 10.0.40219.1
Project("{8BC9CEB8-8B4A-11D0-8D11-00A0C91BC942}") = "c++ hangman", "c++ hangman.vcxproj", "{5AB755BA-F0C9-41BA-8482-9EC89A02BFFF}"
EndProject
Global
	GlobalSection(SolutionConfigurationPlatforms) = preSolution
		Debug|x64 = Debug|x64
		Debug|x86 = Debug|x86
		Release|x64 = Release|x64
		Release|x86 = Release|x86
	EndGlobalSection
	GlobalSection(ProjectConfigurationPlatforms) = postSolution
		{5AB755BA-F0C9-41BA-8482-9EC89A02BFFF}.Debug|x64.ActiveCfg = Debug|x64
		{5AB755BA-F0C9-41BA-8482-9EC89A02BFFF}.Debug|x64.Build.0 = Debug|x64
		{5AB755BA-F0C9-41BA-8482-9EC89A02BFFF}.Debug|x86.ActiveCfg = Debug|Win32
		{5AB755BA-F0C9-41BA-8482-9EC89A02BFFF}.Debug|x86.Build.0 = Debug|Win32
		{5AB755BA-F0C9-41BA-8482-9EC89A02BFFF}.Release|x64.ActiveCfg = Release|x64
		{5AB755BA-F0C9-41BA-8482-9EC89A02BFFF}.Release|x64.Build.0 = Release|x64
		{5AB755BA-F0C9-41BA-8482-9EC89A02BFFF}.Release|x86.ActiveCfg = Release|Win32
		{5AB755BA-F0C9-41BA-8482-9EC89A02BFFF}.Release|x86.Build.0 = Release|Win32
	EndGlobalSection
	GlobalSection(SolutionProperties) = preSolution
		HideSolutionNode = FALSE
	EndGlobalSection
	GlobalSection(ExtensibilityGlobals) = postSolution
		SolutionGuid = {2E5E77BF-B8A3-4AF3-B1AE-9728DCA6EA3D}
	EndGlobalSection
EndGlobal
